
Microsoft Visual Studio Solution File, Format Version 12.00
# Visual Studio Version 16
VisualStudioVersion = 25.0.1706.14
MinimumVisualStudioVersion = 10.0.40219.1
Project("{FAE04EC0-301F-11D3-BF4B-00C04F79EFBC}") = "TaskManagement", "TaskManagement\TaskManagement.csproj", "{C6EF5D8E-3CE1-467D-A251-87E2C615B46D}"
EndProject
Global
	GlobalSection(SolutionConfigurationPlatforms) = preSolution
		Debug|Any CPU = Debug|Any CPU
		Release|Any CPU = Release|Any CPU
	EndGlobalSection
	GlobalSection(ProjectConfigurationPlatforms) = postSolution
		{C6EF5D8E-3CE1-467D-A251-87E2C615B46D}.Debug|Any CPU.ActiveCfg = Debug|Any CPU
		{C6EF5D8E-3CE1-467D-A251-87E2C615B46D}.Debug|Any CPU.Build.0 = Debug|Any CPU
		{C6EF5D8E-3CE1-467D-A251-87E2C615B46D}.Release|Any CPU.ActiveCfg = Release|Any CPU
		{C6EF5D8E-3CE1-467D-A251-87E2C615B46D}.Release|Any CPU.Build.0 = Release|Any CPU
	EndGlobalSection
	GlobalSection(SolutionProperties) = preSolution
		HideSolutionNode = FALSE
	EndGlobalSection
	GlobalSection(ExtensibilityGlobals) = postSolution
		SolutionGuid = {1C2F8EE4-00AC-4515-B40F-192E7C390479}
	EndGlobalSection
EndGlobal
